
Microsoft Visual Studio Solution File, Format Version 12.00
Project("{FAE04EC0-301F-11D3-BF4B-00C04F79EFBC}") = "EventGenerator.Api", "EventGenerator.Api\EventGenerator.Api.csproj", "{8E7713AD-29D0-4058-A781-C00AAA7BAD64}"
EndProject
Project("{FAE04EC0-301F-11D3-BF4B-00C04F79EFBC}") = "EventProcessor.Api", "EventProcessor.Api\EventProcessor.Api.csproj", "{5AAB5EF7-6DC2-41CB-A450-381019FFA106}"
EndProject
Project("{2150E333-8FDC-42A3-9474-1A3956D46DE8}") = "EventProcessor", "EventProcessor", "{CDDDD9BB-1469-4B32-A835-634550F38B5F}"
EndProject
Project("{2150E333-8FDC-42A3-9474-1A3956D46DE8}") = "EventGenerator", "EventGenerator", "{5AF8FBE0-C515-42B9-823D-0C3A53A81BC6}"
EndProject
Project("{2150E333-8FDC-42A3-9474-1A3956D46DE8}") = "Presentation", "Presentation", "{2DF77A5C-8F72-42B3-A45E-6DA5407BF023}"
EndProject
Project("{2150E333-8FDC-42A3-9474-1A3956D46DE8}") = "Core", "Core", "{2334B4E2-9ADB-4CB5-834F-A5321E5FCEDC}"
EndProject
Project("{2150E333-8FDC-42A3-9474-1A3956D46DE8}") = "Presentation", "Presentation", "{769FD447-F4DD-4092-A49A-516369BFEEF7}"
EndProject
Project("{2150E333-8FDC-42A3-9474-1A3956D46DE8}") = "Core", "Core", "{DE843E47-E1D1-497F-94EE-F02484EC83F5}"
EndProject
Project("{2150E333-8FDC-42A3-9474-1A3956D46DE8}") = "Infrastructure", "Infrastructure", "{9895E038-58B8-4577-9BCF-245527A353B3}"
EndProject
Project("{FAE04EC0-301F-11D3-BF4B-00C04F79EFBC}") = "EventGenerator.Application", "EventGenerator.Application\EventGenerator.Application.csproj", "{B2CBD38A-EF68-4616-8A53-4A3BF1FBFD32}"
EndProject
Project("{FAE04EC0-301F-11D3-BF4B-00C04F79EFBC}") = "EventGenerator.Domain", "EventGenerator.Domain\EventGenerator.Domain.csproj", "{534A23BE-F485-488A-B754-E20530788537}"
EndProject
Project("{FAE04EC0-301F-11D3-BF4B-00C04F79EFBC}") = "EventProcessor.Application", "EventProcessor.Application\EventProcessor.Application.csproj", "{41A385A1-459E-4733-AF3B-4654D076BC6D}"
EndProject
Project("{FAE04EC0-301F-11D3-BF4B-00C04F79EFBC}") = "EventProcessor.Domain", "EventProcessor.Domain\EventProcessor.Domain.csproj", "{0F26B084-623E-4D3F-B27E-51547E52EA39}"
EndProject
Project("{FAE04EC0-301F-11D3-BF4B-00C04F79EFBC}") = "EventProcessor.DAL", "EventProcessor.DAL\EventProcessor.DAL.csproj", "{36B66D62-F759-4D87-AA2B-B646567EFFBE}"
EndProject
Project("{FAE04EC0-301F-11D3-BF4B-00C04F79EFBC}") = "EventProcessor.Producer", "EventProcessor.Producer\EventProcessor.Producer.csproj", "{9586F8ED-40DD-43BC-981B-15C4D16F2010}"
EndProject
Project("{FAE04EC0-301F-11D3-BF4B-00C04F79EFBC}") = "EventProcessor.Consumer", "EventProcessor.Consumer\EventProcessor.Consumer.csproj", "{D0593EF3-31B4-413C-A572-78D51E23C653}"
EndProject
Global
	GlobalSection(SolutionConfigurationPlatforms) = preSolution
		Debug|Any CPU = Debug|Any CPU
		Release|Any CPU = Release|Any CPU
	EndGlobalSection
	GlobalSection(ProjectConfigurationPlatforms) = postSolution
		{8E7713AD-29D0-4058-A781-C00AAA7BAD64}.Debug|Any CPU.ActiveCfg = Debug|Any CPU
		{8E7713AD-29D0-4058-A781-C00AAA7BAD64}.Debug|Any CPU.Build.0 = Debug|Any CPU
		{8E7713AD-29D0-4058-A781-C00AAA7BAD64}.Release|Any CPU.ActiveCfg = Release|Any CPU
		{8E7713AD-29D0-4058-A781-C00AAA7BAD64}.Release|Any CPU.Build.0 = Release|Any CPU
		{5AAB5EF7-6DC2-41CB-A450-381019FFA106}.Debug|Any CPU.ActiveCfg = Debug|Any CPU
		{5AAB5EF7-6DC2-41CB-A450-381019FFA106}.Debug|Any CPU.Build.0 = Debug|Any CPU
		{5AAB5EF7-6DC2-41CB-A450-381019FFA106}.Release|Any CPU.ActiveCfg = Release|Any CPU
		{5AAB5EF7-6DC2-41CB-A450-381019FFA106}.Release|Any CPU.Build.0 = Release|Any CPU
		{B2CBD38A-EF68-4616-8A53-4A3BF1FBFD32}.Debug|Any CPU.ActiveCfg = Debug|Any CPU
		{B2CBD38A-EF68-4616-8A53-4A3BF1FBFD32}.Debug|Any CPU.Build.0 = Debug|Any CPU
		{B2CBD38A-EF68-4616-8A53-4A3BF1FBFD32}.Release|Any CPU.ActiveCfg = Release|Any CPU
		{B2CBD38A-EF68-4616-8A53-4A3BF1FBFD32}.Release|Any CPU.Build.0 = Release|Any CPU
		{534A23BE-F485-488A-B754-E20530788537}.Debug|Any CPU.ActiveCfg = Debug|Any CPU
		{534A23BE-F485-488A-B754-E20530788537}.Debug|Any CPU.Build.0 = Debug|Any CPU
		{534A23BE-F485-488A-B754-E20530788537}.Release|Any CPU.ActiveCfg = Release|Any CPU
		{534A23BE-F485-488A-B754-E20530788537}.Release|Any CPU.Build.0 = Release|Any CPU
		{41A385A1-459E-4733-AF3B-4654D076BC6D}.Debug|Any CPU.ActiveCfg = Debug|Any CPU
		{41A385A1-459E-4733-AF3B-4654D076BC6D}.Debug|Any CPU.Build.0 = Debug|Any CPU
		{41A385A1-459E-4733-AF3B-4654D076BC6D}.Release|Any CPU.ActiveCfg = Release|Any CPU
		{41A385A1-459E-4733-AF3B-4654D076BC6D}.Release|Any CPU.Build.0 = Release|Any CPU
		{0F26B084-623E-4D3F-B27E-51547E52EA39}.Debug|Any CPU.ActiveCfg = Debug|Any CPU
		{0F26B084-623E-4D3F-B27E-51547E52EA39}.Debug|Any CPU.Build.0 = Debug|Any CPU
		{0F26B084-623E-4D3F-B27E-51547E52EA39}.Release|Any CPU.ActiveCfg = Release|Any CPU
		{0F26B084-623E-4D3F-B27E-51547E52EA39}.Release|Any CPU.Build.0 = Release|Any CPU
		{36B66D62-F759-4D87-AA2B-B646567EFFBE}.Debug|Any CPU.ActiveCfg = Debug|Any CPU
		{36B66D62-F759-4D87-AA2B-B646567EFFBE}.Debug|Any CPU.Build.0 = Debug|Any CPU
		{36B66D62-F759-4D87-AA2B-B646567EFFBE}.Release|Any CPU.ActiveCfg = Release|Any CPU
		{36B66D62-F759-4D87-AA2B-B646567EFFBE}.Release|Any CPU.Build.0 = Release|Any CPU
		{9586F8ED-40DD-43BC-981B-15C4D16F2010}.Debug|Any CPU.ActiveCfg = Debug|Any CPU
		{9586F8ED-40DD-43BC-981B-15C4D16F2010}.Debug|Any CPU.Build.0 = Debug|Any CPU
		{9586F8ED-40DD-43BC-981B-15C4D16F2010}.Release|Any CPU.ActiveCfg = Release|Any CPU
		{9586F8ED-40DD-43BC-981B-15C4D16F2010}.Release|Any CPU.Build.0 = Release|Any CPU
		{D0593EF3-31B4-413C-A572-78D51E23C653}.Debug|Any CPU.ActiveCfg = Debug|Any CPU
		{D0593EF3-31B4-413C-A572-78D51E23C653}.Debug|Any CPU.Build.0 = Debug|Any CPU
		{D0593EF3-31B4-413C-A572-78D51E23C653}.Release|Any CPU.ActiveCfg = Release|Any CPU
		{D0593EF3-31B4-413C-A572-78D51E23C653}.Release|Any CPU.Build.0 = Release|Any CPU
	EndGlobalSection
	GlobalSection(NestedProjects) = preSolution
		{2DF77A5C-8F72-42B3-A45E-6DA5407BF023} = {5AF8FBE0-C515-42B9-823D-0C3A53A81BC6}
		{8E7713AD-29D0-4058-A781-C00AAA7BAD64} = {2DF77A5C-8F72-42B3-A45E-6DA5407BF023}
		{2334B4E2-9ADB-4CB5-834F-A5321E5FCEDC} = {5AF8FBE0-C515-42B9-823D-0C3A53A81BC6}
		{769FD447-F4DD-4092-A49A-516369BFEEF7} = {CDDDD9BB-1469-4B32-A835-634550F38B5F}
		{DE843E47-E1D1-497F-94EE-F02484EC83F5} = {CDDDD9BB-1469-4B32-A835-634550F38B5F}
		{9895E038-58B8-4577-9BCF-245527A353B3} = {CDDDD9BB-1469-4B32-A835-634550F38B5F}
		{5AAB5EF7-6DC2-41CB-A450-381019FFA106} = {769FD447-F4DD-4092-A49A-516369BFEEF7}
		{B2CBD38A-EF68-4616-8A53-4A3BF1FBFD32} = {2334B4E2-9ADB-4CB5-834F-A5321E5FCEDC}
		{534A23BE-F485-488A-B754-E20530788537} = {2334B4E2-9ADB-4CB5-834F-A5321E5FCEDC}
		{41A385A1-459E-4733-AF3B-4654D076BC6D} = {DE843E47-E1D1-497F-94EE-F02484EC83F5}
		{0F26B084-623E-4D3F-B27E-51547E52EA39} = {DE843E47-E1D1-497F-94EE-F02484EC83F5}
		{36B66D62-F759-4D87-AA2B-B646567EFFBE} = {9895E038-58B8-4577-9BCF-245527A353B3}
		{9586F8ED-40DD-43BC-981B-15C4D16F2010} = {9895E038-58B8-4577-9BCF-245527A353B3}
		{D0593EF3-31B4-413C-A572-78D51E23C653} = {9895E038-58B8-4577-9BCF-245527A353B3}
	EndGlobalSection
EndGlobal
